// !$*UTF8*$!
{
	archiveVersion = 1;
	classes = {
	};
	objectVersion = 46;
	objects = {

/* Begin PBXBuildFile section */
		465B197118D8A66E00B74C0A /* Foundation.framework in Frameworks */ = {isa = PBXBuildFile; fileRef = 465B197018D8A66E00B74C0A /* Foundation.framework */; };
		465B197318D8A66E00B74C0A /* CoreGraphics.framework in Frameworks */ = {isa = PBXBuildFile; fileRef = 465B197218D8A66E00B74C0A /* CoreGraphics.framework */; };
		465B197518D8A66E00B74C0A /* UIKit.framework in Frameworks */ = {isa = PBXBuildFile; fileRef = 465B197418D8A66E00B74C0A /* UIKit.framework */; };
		465B197B18D8A66E00B74C0A /* InfoPlist.strings in Resources */ = {isa = PBXBuildFile; fileRef = 465B197918D8A66E00B74C0A /* InfoPlist.strings */; };
		465B197D18D8A66E00B74C0A /* main.m in Sources */ = {isa = PBXBuildFile; fileRef = 465B197C18D8A66E00B74C0A /* main.m */; };
		465B198118D8A66E00B74C0A /* AppDelegate.m in Sources */ = {isa = PBXBuildFile; fileRef = 465B198018D8A66E00B74C0A /* AppDelegate.m */; };
		465B198318D8A66E00B74C0A /* Images.xcassets in Resources */ = {isa = PBXBuildFile; fileRef = 465B198218D8A66E00B74C0A /* Images.xcassets */; };
		465B198A18D8A66E00B74C0A /* XCTest.framework in Frameworks */ = {isa = PBXBuildFile; fileRef = 465B198918D8A66E00B74C0A /* XCTest.framework */; };
		465B198B18D8A66E00B74C0A /* Foundation.framework in Frameworks */ = {isa = PBXBuildFile; fileRef = 465B197018D8A66E00B74C0A /* Foundation.framework */; };
		465B198C18D8A66E00B74C0A /* UIKit.framework in Frameworks */ = {isa = PBXBuildFile; fileRef = 465B197418D8A66E00B74C0A /* UIKit.framework */; };
		465B19A518D8B8A700B74C0A /* MainViewController.m in Sources */ = {isa = PBXBuildFile; fileRef = 465B19A318D8B8A700B74C0A /* MainViewController.m */; };
		465B19A618D8B8A700B74C0A /* MainViewController.xib in Resources */ = {isa = PBXBuildFile; fileRef = 465B19A418D8B8A700B74C0A /* MainViewController.xib */; };
		465B19AB18D8BBB200B74C0A /* RightMenuViewController.m in Sources */ = {isa = PBXBuildFile; fileRef = 465B19A918D8BBB200B74C0A /* RightMenuViewController.m */; };
		465B19AC18D8BBB200B74C0A /* RightMenuViewController.xib in Resources */ = {isa = PBXBuildFile; fileRef = 465B19AA18D8BBB200B74C0A /* RightMenuViewController.xib */; };
		46E06BAF18DC3DB6009A8BBD /* LeftMenuViewController.m in Sources */ = {isa = PBXBuildFile; fileRef = 46E06BAD18DC3DB6009A8BBD /* LeftMenuViewController.m */; };
		46E06BB018DC3DB6009A8BBD /* LeftMenuViewController.xib in Resources */ = {isa = PBXBuildFile; fileRef = 46E06BAE18DC3DB6009A8BBD /* LeftMenuViewController.xib */; };
		97C26B088C7E45179692F5E2 /* libPods.a in Frameworks */ = {isa = PBXBuildFile; fileRef = 5E7D1B3F05AA48DE83554040 /* libPods.a */; };
/* End PBXBuildFile section */

/* Begin PBXContainerItemProxy section */
		465B198D18D8A66E00B74C0A /* PBXContainerItemProxy */ = {
			isa = PBXContainerItemProxy;
			containerPortal = 465B196518D8A66E00B74C0A /* Project object */;
			proxyType = 1;
			remoteGlobalIDString = 465B196C18D8A66E00B74C0A;
			remoteInfo = SlidingMenu;
		};
/* End PBXContainerItemProxy section */

/* Begin PBXFileReference section */
		465B196D18D8A66E00B74C0A /* SlidingMenu.app */ = {isa = PBXFileReference; explicitFileType = wrapper.application; includeInIndex = 0; path = SlidingMenu.app; sourceTree = BUILT_PRODUCTS_DIR; };
		465B197018D8A66E00B74C0A /* Foundation.framework */ = {isa = PBXFileReference; lastKnownFileType = wrapper.framework; name = Foundation.framework; path = System/Library/Frameworks/Foundation.framework; sourceTree = SDKROOT; };
		465B197218D8A66E00B74C0A /* CoreGraphics.framework */ = {isa = PBXFileReference; lastKnownFileType = wrapper.framework; name = CoreGraphics.framework; path = System/Library/Frameworks/CoreGraphics.framework; sourceTree = SDKROOT; };
		465B197418D8A66E00B74C0A /* UIKit.framework */ = {isa = PBXFileReference; lastKnownFileType = wrapper.framework; name = UIKit.framework; path = System/Library/Frameworks/UIKit.framework; sourceTree = SDKROOT; };
		465B197818D8A66E00B74C0A /* SlidingMenu-Info.plist */ = {isa = PBXFileReference; lastKnownFileType = text.plist.xml; path = "SlidingMenu-Info.plist"; sourceTree = "<group>"; };
		465B197A18D8A66E00B74C0A /* en */ = {isa = PBXFileReference; lastKnownFileType = text.plist.strings; name = en; path = en.lproj/InfoPlist.strings; sourceTree = "<group>"; };
		465B197C18D8A66E00B74C0A /* main.m */ = {isa = PBXFileReference; lastKnownFileType = sourcecode.c.objc; path = main.m; sourceTree = "<group>"; };
		465B197E18D8A66E00B74C0A /* SlidingMenu-Prefix.pch */ = {isa = PBXFileReference; lastKnownFileType = sourcecode.c.h; path = "SlidingMenu-Prefix.pch"; sourceTree = "<group>"; };
		465B197F18D8A66E00B74C0A /* AppDelegate.h */ = {isa = PBXFileReference; lastKnownFileType = sourcecode.c.h; path = AppDelegate.h; sourceTree = "<group>"; };
		465B198018D8A66E00B74C0A /* AppDelegate.m */ = {isa = PBXFileReference; lastKnownFileType = sourcecode.c.objc; path = AppDelegate.m; sourceTree = "<group>"; };
		465B198218D8A66E00B74C0A /* Images.xcassets */ = {isa = PBXFileReference; lastKnownFileType = folder.assetcatalog; path = Images.xcassets; sourceTree = "<group>"; };
		465B198818D8A66E00B74C0A /* SlidingMenuTests.xctest */ = {isa = PBXFileReference; explicitFileType = wrapper.cfbundle; includeInIndex = 0; path = SlidingMenuTests.xctest; sourceTree = BUILT_PRODUCTS_DIR; };
		465B198918D8A66E00B74C0A /* XCTest.framework */ = {isa = PBXFileReference; lastKnownFileType = wrapper.framework; name = XCTest.framework; path = Library/Frameworks/XCTest.framework; sourceTree = DEVELOPER_DIR; };
		465B19A218D8B8A700B74C0A /* MainViewController.h */ = {isa = PBXFileReference; fileEncoding = 4; lastKnownFileType = sourcecode.c.h; path = MainViewController.h; sourceTree = "<group>"; };
		465B19A318D8B8A700B74C0A /* MainViewController.m */ = {isa = PBXFileReference; fileEncoding = 4; lastKnownFileType = sourcecode.c.objc; path = MainViewController.m; sourceTree = "<group>"; };
		465B19A418D8B8A700B74C0A /* MainViewController.xib */ = {isa = PBXFileReference; fileEncoding = 4; lastKnownFileType = file.xib; path = MainViewController.xib; sourceTree = "<group>"; };
		465B19A818D8BBB200B74C0A /* RightMenuViewController.h */ = {isa = PBXFileReference; fileEncoding = 4; lastKnownFileType = sourcecode.c.h; path = RightMenuViewController.h; sourceTree = "<group>"; };
		465B19A918D8BBB200B74C0A /* RightMenuViewController.m */ = {isa = PBXFileReference; fileEncoding = 4; lastKnownFileType = sourcecode.c.objc; path = RightMenuViewController.m; sourceTree = "<group>"; };
		465B19AA18D8BBB200B74C0A /* RightMenuViewController.xib */ = {isa = PBXFileReference; fileEncoding = 4; lastKnownFileType = file.xib; path = RightMenuViewController.xib; sourceTree = "<group>"; };
		46E06BAC18DC3DB6009A8BBD /* LeftMenuViewController.h */ = {isa = PBXFileReference; fileEncoding = 4; lastKnownFileType = sourcecode.c.h; path = LeftMenuViewController.h; sourceTree = "<group>"; };
		46E06BAD18DC3DB6009A8BBD /* LeftMenuViewController.m */ = {isa = PBXFileReference; fileEncoding = 4; lastKnownFileType = sourcecode.c.objc; path = LeftMenuViewController.m; sourceTree = "<group>"; };
		46E06BAE18DC3DB6009A8BBD /* LeftMenuViewController.xib */ = {isa = PBXFileReference; fileEncoding = 4; lastKnownFileType = file.xib; path = LeftMenuViewController.xib; sourceTree = "<group>"; };
		5E7D1B3F05AA48DE83554040 /* libPods.a */ = {isa = PBXFileReference; explicitFileType = archive.ar; includeInIndex = 0; path = libPods.a; sourceTree = BUILT_PRODUCTS_DIR; };
/* End PBXFileReference section */

/* Begin PBXFrameworksBuildPhase section */
		465B196A18D8A66E00B74C0A /* Frameworks */ = {
			isa = PBXFrameworksBuildPhase;
			buildActionMask = 2147483647;
			files = (
				465B197318D8A66E00B74C0A /* CoreGraphics.framework in Frameworks */,
				465B197518D8A66E00B74C0A /* UIKit.framework in Frameworks */,
				465B197118D8A66E00B74C0A /* Foundation.framework in Frameworks */,
				97C26B088C7E45179692F5E2 /* libPods.a in Frameworks */,
			);
			runOnlyForDeploymentPostprocessing = 0;
		};
		465B198518D8A66E00B74C0A /* Frameworks */ = {
			isa = PBXFrameworksBuildPhase;
			buildActionMask = 2147483647;
			files = (
				465B198A18D8A66E00B74C0A /* XCTest.framework in Frameworks */,
				465B198C18D8A66E00B74C0A /* UIKit.framework in Frameworks */,
				465B198B18D8A66E00B74C0A /* Foundation.framework in Frameworks */,
			);
			runOnlyForDeploymentPostprocessing = 0;
		};
/* End PBXFrameworksBuildPhase section */

/* Begin PBXGroup section */
		465B196418D8A66E00B74C0A = {
			isa = PBXGroup;
			children = (
				465B197618D8A66E00B74C0A /* SlidingMenu */,
				465B196F18D8A66E00B74C0A /* Frameworks */,
				465B196E18D8A66E00B74C0A /* Products */,
			);
			sourceTree = "<group>";
		};
		465B196E18D8A66E00B74C0A /* Products */ = {
			isa = PBXGroup;
			children = (
				465B196D18D8A66E00B74C0A /* SlidingMenu.app */,
				465B198818D8A66E00B74C0A /* SlidingMenuTests.xctest */,
			);
			name = Products;
			sourceTree = "<group>";
		};
		465B196F18D8A66E00B74C0A /* Frameworks */ = {
			isa = PBXGroup;
			children = (
				465B197018D8A66E00B74C0A /* Foundation.framework */,
				465B197218D8A66E00B74C0A /* CoreGraphics.framework */,
				465B197418D8A66E00B74C0A /* UIKit.framework */,
				465B198918D8A66E00B74C0A /* XCTest.framework */,
				5E7D1B3F05AA48DE83554040 /* libPods.a */,
			);
			name = Frameworks;
			sourceTree = "<group>";
		};
		465B197618D8A66E00B74C0A /* SlidingMenu */ = {
			isa = PBXGroup;
			children = (
				46E06BAA18DB4D45009A8BBD /* Screens */,
				465B197F18D8A66E00B74C0A /* AppDelegate.h */,
				465B198018D8A66E00B74C0A /* AppDelegate.m */,
				465B198218D8A66E00B74C0A /* Images.xcassets */,
				465B197718D8A66E00B74C0A /* Supporting Files */,
			);
			path = SlidingMenu;
			sourceTree = "<group>";
		};
		465B197718D8A66E00B74C0A /* Supporting Files */ = {
			isa = PBXGroup;
			children = (
				465B197818D8A66E00B74C0A /* SlidingMenu-Info.plist */,
				465B197918D8A66E00B74C0A /* InfoPlist.strings */,
				465B197C18D8A66E00B74C0A /* main.m */,
				465B197E18D8A66E00B74C0A /* SlidingMenu-Prefix.pch */,
			);
			name = "Supporting Files";
			sourceTree = "<group>";
		};
		46E06BAA18DB4D45009A8BBD /* Screens */ = {
			isa = PBXGroup;
			children = (
				46E06BAC18DC3DB6009A8BBD /* LeftMenuViewController.h */,
				46E06BAD18DC3DB6009A8BBD /* LeftMenuViewController.m */,
				46E06BAE18DC3DB6009A8BBD /* LeftMenuViewController.xib */,
				465B19A818D8BBB200B74C0A /* RightMenuViewController.h */,
				465B19A918D8BBB200B74C0A /* RightMenuViewController.m */,
				465B19AA18D8BBB200B74C0A /* RightMenuViewController.xib */,
				465B19A218D8B8A700B74C0A /* MainViewController.h */,
				465B19A318D8B8A700B74C0A /* MainViewController.m */,
				465B19A418D8B8A700B74C0A /* MainViewController.xib */,
			);
			name = Screens;
			sourceTree = "<group>";
		};
/* End PBXGroup section */

/* Begin PBXNativeTarget section */
		465B196C18D8A66E00B74C0A /* SlidingMenu */ = {
			isa = PBXNativeTarget;
			buildConfigurationList = 465B199918D8A66E00B74C0A /* Build configuration list for PBXNativeTarget "SlidingMenu" */;
			buildPhases = (
				C054D1AC85A347CDA661CE2A /* Check Pods Manifest.lock */,
				465B196918D8A66E00B74C0A /* Sources */,
				465B196A18D8A66E00B74C0A /* Frameworks */,
				465B196B18D8A66E00B74C0A /* Resources */,
				EDC43F091E0348A2AE55572F /* Copy Pods Resources */,
			);
			buildRules = (
			);
			dependencies = (
			);
			name = SlidingMenu;
			productName = SlidingMenu;
			productReference = 465B196D18D8A66E00B74C0A /* SlidingMenu.app */;
			productType = "com.apple.product-type.application";
		};
		465B198718D8A66E00B74C0A /* SlidingMenuTests */ = {
			isa = PBXNativeTarget;
			buildConfigurationList = 465B199C18D8A66E00B74C0A /* Build configuration list for PBXNativeTarget "SlidingMenuTests" */;
			buildPhases = (
				465B198418D8A66E00B74C0A /* Sources */,
				465B198518D8A66E00B74C0A /* Frameworks */,
				465B198618D8A66E00B74C0A /* Resources */,
			);
			buildRules = (
			);
			dependencies = (
				465B198E18D8A66E00B74C0A /* PBXTargetDependency */,
			);
			name = SlidingMenuTests;
			productName = SlidingMenuTests;
			productReference = 465B198818D8A66E00B74C0A /* SlidingMenuTests.xctest */;
			productType = "com.apple.product-type.bundle.unit-test";
		};
/* End PBXNativeTarget section */

/* Begin PBXProject section */
		465B196518D8A66E00B74C0A /* Project object */ = {
			isa = PBXProject;
			attributes = {
				CLASSPREFIX = RUM;
				LastUpgradeCheck = 0510;
				ORGANIZATIONNAME = Accenture;
				TargetAttributes = {
					465B198718D8A66E00B74C0A = {
						TestTargetID = 465B196C18D8A66E00B74C0A;
					};
				};
			};
			buildConfigurationList = 465B196818D8A66E00B74C0A /* Build configuration list for PBXProject "SlidingMenu" */;
			compatibilityVersion = "Xcode 3.2";
			developmentRegion = English;
			hasScannedForEncodings = 0;
			knownRegions = (
				en,
			);
			mainGroup = 465B196418D8A66E00B74C0A;
			productRefGroup = 465B196E18D8A66E00B74C0A /* Products */;
			projectDirPath = "";
			projectRoot = "";
			targets = (
				465B196C18D8A66E00B74C0A /* SlidingMenu */,
				465B198718D8A66E00B74C0A /* SlidingMenuTests */,
			);
		};
/* End PBXProject section */

/* Begin PBXResourcesBuildPhase section */
		465B196B18D8A66E00B74C0A /* Resources */ = {
			isa = PBXResourcesBuildPhase;
			buildActionMask = 2147483647;
			files = (
				465B197B18D8A66E00B74C0A /* InfoPlist.strings in Resources */,
				465B19A618D8B8A700B74C0A /* MainViewController.xib in Resources */,
				46E06BB018DC3DB6009A8BBD /* LeftMenuViewController.xib in Resources */,
				465B19AC18D8BBB200B74C0A /* RightMenuViewController.xib in Resources */,
				465B198318D8A66E00B74C0A /* Images.xcassets in Resources */,
			);
			runOnlyForDeploymentPostprocessing = 0;
		};
		465B198618D8A66E00B74C0A /* Resources */ = {
			isa = PBXResourcesBuildPhase;
			buildActionMask = 2147483647;
			files = (
			);
			runOnlyForDeploymentPostprocessing = 0;
		};
/* End PBXResourcesBuildPhase section */

/* Begin PBXShellScriptBuildPhase section */
		C054D1AC85A347CDA661CE2A /* Check Pods Manifest.lock */ = {
			isa = PBXShellScriptBuildPhase;
			buildActionMask = 2147483647;
			files = (
			);
			inputPaths = (
			);
			name = "Check Pods Manifest.lock";
			outputPaths = (
			);
			runOnlyForDeploymentPostprocessing = 0;
			shellPath = /bin/sh;
			shellScript = "diff \"${PODS_ROOT}/../Podfile.lock\" \"${PODS_ROOT}/Manifest.lock\" > /dev/null\nif [[ $? != 0 ]] ; then\n    cat << EOM\nerror: The sandbox is not in sync with the Podfile.lock. Run 'pod install' or update your CocoaPods installation.\nEOM\n    exit 1\nfi\n";
			showEnvVarsInLog = 0;
		};
		EDC43F091E0348A2AE55572F /* Copy Pods Resources */ = {
			isa = PBXShellScriptBuildPhase;
			buildActionMask = 2147483647;
			files = (
			);
			inputPaths = (
			);
			name = "Copy Pods Resources";
			outputPaths = (
			);
			runOnlyForDeploymentPostprocessing = 0;
			shellPath = /bin/sh;
			shellScript = "\"${SRCROOT}/Pods/Pods-resources.sh\"\n";
			showEnvVarsInLog = 0;
		};
/* End PBXShellScriptBuildPhase section */

/* Begin PBXSourcesBuildPhase section */
		465B196918D8A66E00B74C0A /* Sources */ = {
			isa = PBXSourcesBuildPhase;
			buildActionMask = 2147483647;
			files = (
				465B198118D8A66E00B74C0A /* AppDelegate.m in Sources */,
				465B197D18D8A66E00B74C0A /* main.m in Sources */,
				465B19A518D8B8A700B74C0A /* MainViewController.m in Sources */,
				46E06BAF18DC3DB6009A8BBD /* LeftMenuViewController.m in Sources */,
				465B19AB18D8BBB200B74C0A /* RightMenuViewController.m in Sources */,
			);
			runOnlyForDeploymentPostprocessing = 0;
		};
		465B198418D8A66E00B74C0A /* Sources */ = {
			isa = PBXSourcesBuildPhase;
			buildActionMask = 2147483647;
			files = (
			);
			runOnlyForDeploymentPostprocessing = 0;
		};
/* End PBXSourcesBuildPhase section */

/* Begin PBXTargetDependency section */
		465B198E18D8A66E00B74C0A /* PBXTargetDependency */ = {
			isa = PBXTargetDependency;
			target = 465B196C18D8A66E00B74C0A /* SlidingMenu */;
			targetProxy = 465B198D18D8A66E00B74C0A /* PBXContainerItemProxy */;
		};
/* End PBXTargetDependency section */

/* Begin PBXVariantGroup section */
		465B197918D8A66E00B74C0A /* InfoPlist.strings */ = {
			isa = PBXVariantGroup;
			children = (
				465B197A18D8A66E00B74C0A /* en */,
			);
			name = InfoPlist.strings;
			sourceTree = "<group>";
		};
/* End PBXVariantGroup section */

/* Begin XCBuildConfiguration section */
		465B199718D8A66E00B74C0A /* Debug */ = {
			isa = XCBuildConfiguration;
			buildSettings = {
				ALWAYS_SEARCH_USER_PATHS = NO;
				CLANG_CXX_LANGUAGE_STANDARD = "gnu++0x";
				CLANG_CXX_LIBRARY = "libc++";
				CLANG_ENABLE_MODULES = YES;
				CLANG_ENABLE_OBJC_ARC = YES;
				CLANG_WARN_BOOL_CONVERSION = YES;
				CLANG_WARN_CONSTANT_CONVERSION = YES;
				CLANG_WARN_DIRECT_OBJC_ISA_USAGE = YES_ERROR;
				CLANG_WARN_EMPTY_BODY = YES;
				CLANG_WARN_ENUM_CONVERSION = YES;
				CLANG_WARN_INT_CONVERSION = YES;
				CLANG_WARN_OBJC_ROOT_CLASS = YES_ERROR;
				CLANG_WARN__DUPLICATE_METHOD_MATCH = YES;
				"CODE_SIGN_IDENTITY[sdk=iphoneos*]" = "iPhone Developer";
				COPY_PHASE_STRIP = NO;
				GCC_C_LANGUAGE_STANDARD = gnu99;
				GCC_DYNAMIC_NO_PIC = NO;
				GCC_OPTIMIZATION_LEVEL = 0;
				GCC_PREPROCESSOR_DEFINITIONS = (
					"DEBUG=1",
					"$(inherited)",
				);
				GCC_SYMBOLS_PRIVATE_EXTERN = NO;
				GCC_WARN_64_TO_32_BIT_CONVERSION = YES;
				GCC_WARN_ABOUT_RETURN_TYPE = YES_ERROR;
				GCC_WARN_UNDECLARED_SELECTOR = YES;
				GCC_WARN_UNINITIALIZED_AUTOS = YES_AGGRESSIVE;
				GCC_WARN_UNUSED_FUNCTION = YES;
				GCC_WARN_UNUSED_VARIABLE = YES;
				IPHONEOS_DEPLOYMENT_TARGET = 7.1;
				ONLY_ACTIVE_ARCH = YES;
				SDKROOT = iphoneos;
			};
			name = Debug;
		};
		465B199818D8A66E00B74C0A /* Release */ = {
			isa = XCBuildConfiguration;
			buildSettings = {
				ALWAYS_SEARCH_USER_PATHS = NO;
				CLANG_CXX_LANGUAGE_STANDARD = "gnu++0x";
				CLANG_CXX_LIBRARY = "libc++";
				CLANG_ENABLE_MODULES = YES;
				CLANG_ENABLE_OBJC_ARC = YES;
				CLANG_WARN_BOOL_CONVERSION = YES;
				CLANG_WARN_CONSTANT_CONVERSION = YES;
				CLANG_WARN_DIRECT_OBJC_ISA_USAGE = YES_ERROR;
				CLANG_WARN_EMPTY_BODY = YES;
				CLANG_WARN_ENUM_CONVERSION = YES;
				CLANG_WARN_INT_CONVERSION = YES;
				CLANG_WARN_OBJC_ROOT_CLASS = YES_ERROR;
				CLANG_WARN__DUPLICATE_METHOD_MATCH = YES;
				"CODE_SIGN_IDENTITY[sdk=iphoneos*]" = "iPhone Developer";
				COPY_PHASE_STRIP = YES;
				ENABLE_NS_ASSERTIONS = NO;
				GCC_C_LANGUAGE_STANDARD = gnu99;
				GCC_WARN_64_TO_32_BIT_CONVERSION = YES;
				GCC_WARN_ABOUT_RETURN_TYPE = YES_ERROR;
				GCC_WARN_UNDECLARED_SELECTOR = YES;
				GCC_WARN_UNINITIALIZED_AUTOS = YES_AGGRESSIVE;
				GCC_WARN_UNUSED_FUNCTION = YES;
				GCC_WARN_UNUSED_VARIABLE = YES;
				IPHONEOS_DEPLOYMENT_TARGET = 7.1;
				SDKROOT = iphoneos;
				VALIDATE_PRODUCT = YES;
			};
			name = Release;
		};
		465B199A18D8A66E00B74C0A /* Debug */ = {
			isa = XCBuildConfiguration;
			buildSettings = {
				ASSETCATALOG_COMPILER_APPICON_NAME = AppIcon;
				ASSETCATALOG_COMPILER_LAUNCHIMAGE_NAME = LaunchImage;
				GCC_PRECOMPILE_PREFIX_HEADER = YES;
				GCC_PREFIX_HEADER = "SlidingMenu/SlidingMenu-Prefix.pch";
				INFOPLIST_FILE = "SlidingMenu/SlidingMenu-Info.plist";
				PRODUCT_NAME = "$(TARGET_NAME)";
				WRAPPER_EXTENSION = app;
			};
			name = Debug;
		};
		465B199B18D8A66E00B74C0A /* Release */ = {
			isa = XCBuildConfiguration;
			buildSettings = {
				ASSETCATALOG_COMPILER_APPICON_NAME = AppIcon;
				ASSETCATALOG_COMPILER_LAUNCHIMAGE_NAME = LaunchImage;
				GCC_PRECOMPILE_PREFIX_HEADER = YES;
				GCC_PREFIX_HEADER = "SlidingMenu/SlidingMenu-Prefix.pch";
				INFOPLIST_FILE = "SlidingMenu/SlidingMenu-Info.plist";
				PRODUCT_NAME = "$(TARGET_NAME)";
				WRAPPER_EXTENSION = app;
			};
			name = Release;
		};
		465B199D18D8A66E00B74C0A /* Debug */ = {
			isa = XCBuildConfiguration;
			buildSettings = {
				BUNDLE_LOADER = "$(BUILT_PRODUCTS_DIR)/SlidingMenu.app/SlidingMenu";
				FRAMEWORK_SEARCH_PATHS = (
					"$(SDKROOT)/Developer/Library/Frameworks",
					"$(inherited)",
					"$(DEVELOPER_FRAMEWORKS_DIR)",
				);
				GCC_PRECOMPILE_PREFIX_HEADER = YES;
				GCC_PREFIX_HEADER = "SlidingMenu/SlidingMenu-Prefix.pch";
				GCC_PREPROCESSOR_DEFINITIONS = (
					"DEBUG=1",
					"$(inherited)",
				);
				INFOPLIST_FILE = "SlidingMenuTests/SlidingMenuTests-Info.plist";
				PRODUCT_NAME = "$(TARGET_NAME)";
				TEST_HOST = "$(BUNDLE_LOADER)";
				WRAPPER_EXTENSION = xctest;
			};
			name = Debug;
		};
		465B199E18D8A66E00B74C0A /* Release */ = {
			isa = XCBuildConfiguration;
			buildSettings = {
				BUNDLE_LOADER = "$(BUILT_PRODUCTS_DIR)/SlidingMenu.app/SlidingMenu";
				FRAMEWORK_SEARCH_PATHS = (
					"$(SDKROOT)/Developer/Library/Frameworks",
					"$(inherited)",
					"$(DEVELOPER_FRAMEWORKS_DIR)",
				);
				GCC_PRECOMPILE_PREFIX_HEADER = YES;
				GCC_PREFIX_HEADER = "SlidingMenu/SlidingMenu-Prefix.pch";
				INFOPLIST_FILE = "SlidingMenuTests/SlidingMenuTests-Info.plist";
				PRODUCT_NAME = "$(TARGET_NAME)";
				TEST_HOST = "$(BUNDLE_LOADER)";
				WRAPPER_EXTENSION = xctest;
			};
			name = Release;
		};
/* End XCBuildConfiguration section */

/* Begin XCConfigurationList section */
		465B196818D8A66E00B74C0A /* Build configuration list for PBXProject "SlidingMenu" */ = {
			isa = XCConfigurationList;
			buildConfigurations = (
				465B199718D8A66E00B74C0A /* Debug */,
				465B199818D8A66E00B74C0A /* Release */,
			);
			defaultConfigurationIsVisible = 0;
			defaultConfigurationName = Release;
		};
		465B199918D8A66E00B74C0A /* Build configuration list for PBXNativeTarget "SlidingMenu" */ = {
			isa = XCConfigurationList;
			buildConfigurations = (
				465B199A18D8A66E00B74C0A /* Debug */,
				465B199B18D8A66E00B74C0A /* Release */,
			);
			defaultConfigurationIsVisible = 0;
			defaultConfigurationName = Release;
		};
		465B199C18D8A66E00B74C0A /* Build configuration list for PBXNativeTarget "SlidingMenuTests" */ = {
			isa = XCConfigurationList;
			buildConfigurations = (
				465B199D18D8A66E00B74C0A /* Debug */,
				465B199E18D8A66E00B74C0A /* Release */,
			);
			defaultConfigurationIsVisible = 0;
			defaultConfigurationName = Release;
		};
/* End XCConfigurationList section */
	};
	rootObject = 465B196518D8A66E00B74C0A /* Project object */;
}
